
Microsoft Visual Studio Solution File, Format Version 12.00
# Visual Studio Version 16
VisualStudioVersion = 16.0.32510.428
MinimumVisualStudioVersion = 10.0.40219.1
Project("{FAE04EC0-301F-11D3-BF4B-00C04F79EFBC}") = "CSE(EbayTutorial)", "CSE(EbayTutorial).csproj", "{24EDE933-5109-483A-ADCA-C05E93519DB6}"
EndProject
Global
	GlobalSection(SolutionConfigurationPlatforms) = preSolution
		Debug|Any CPU = Debug|Any CPU
		Release|Any CPU = Release|Any CPU
	EndGlobalSection
	GlobalSection(ProjectConfigurationPlatforms) = postSolution
		{24EDE933-5109-483A-ADCA-C05E93519DB6}.Debug|Any CPU.ActiveCfg = Debug|Any CPU
		{24EDE933-5109-483A-ADCA-C05E93519DB6}.Debug|Any CPU.Build.0 = Debug|Any CPU
		{24EDE933-5109-483A-ADCA-C05E93519DB6}.Release|Any CPU.ActiveCfg = Release|Any CPU
		{24EDE933-5109-483A-ADCA-C05E93519DB6}.Release|Any CPU.Build.0 = Release|Any CPU
	EndGlobalSection
	GlobalSection(SolutionProperties) = preSolution
		HideSolutionNode = FALSE
	EndGlobalSection
	GlobalSection(ExtensibilityGlobals) = postSolution
		SolutionGuid = {A694A762-117C-400A-B0F9-DC4F6EBD524D}
	EndGlobalSection
EndGlobal
